<?xml version="1.0" encoding="utf-8"?>
<Project ToolsVersion="4.0" xmlns="http://schemas.microsoft.com/developer/msbuild/2003">
  <ItemGroup>
    <Filter Include="Windows">
      <UniqueIdentifier>{bcce1cdc-217b-4a95-b9c5-827f0112fdc7}</UniqueIdentifier>
    </Filter>
    <Filter Include="Windows\Header">
      <UniqueIdentifier>{20bcb183-b2b7-4d6b-b7fa-82482a559af4}</UniqueIdentifier>
    </Filter>
    <Filter Include="Windows\Resource">
      <UniqueIdentifier>{1674702e-91a4-43dc-b388-1c9b3d530f3b}</UniqueIdentifier>
    </Filter>
    <Filter Include="Engine">
      <UniqueIdentifier>{5d825d91-f13b-4c5c-8fa6-013618c8b0fe}</UniqueIdentifier>
    </Filter>
    <Filter Include="Engine\DefaultHeader">
      <UniqueIdentifier>{e7e9f8a7-74ce-41df-b13a-5a7db19b24dd}</UniqueIdentifier>
    </Filter>
    <Filter Include="Engine\KeyInput">
      <UniqueIdentifier>{c8dc74d5-00ef-42f0-bddf-c8eb65f55f30}</UniqueIdentifier>
    </Filter>
    <Filter Include="Engine\Time">
      <UniqueIdentifier>{17a8cd12-1171-4c72-96fa-1558478424fd}</UniqueIdentifier>
    </Filter>
    <Filter Include="Engine\SceneManager">
      <UniqueIdentifier>{452c6fb7-e638-43f0-af17-1b09f42f6aa0}</UniqueIdentifier>
    </Filter>
    <Filter Include="Engine\SceneManager\Scene">
      <UniqueIdentifier>{5c05d1c5-cefb-4c09-8557-37ea88f0ac16}</UniqueIdentifier>
    </Filter>
    <Filter Include="Engine\SceneManager\Scene\Layer">
      <UniqueIdentifier>{9122579b-0947-40c2-a263-044abce3f4cd}</UniqueIdentifier>
    </Filter>
    <Filter Include="Engine\Camera">
      <UniqueIdentifier>{c78a776d-1410-48c2-8ffe-21097e690782}</UniqueIdentifier>
    </Filter>
    <Filter Include="Engine\ColliderManager">
      <UniqueIdentifier>{58653b13-0dfb-4c90-9aa8-c1da5f0e8728}</UniqueIdentifier>
    </Filter>
    <Filter Include="Engine\ResourceManager">
      <UniqueIdentifier>{c67f88c3-fc95-4e5a-8e93-cd61bba81af9}</UniqueIdentifier>
    </Filter>
    <Filter Include="Engine\Resource">
      <UniqueIdentifier>{18cf9636-1661-4ae3-83ed-c2ce41feb7f0}</UniqueIdentifier>
    </Filter>
    <Filter Include="Engine\Resource\Texture">
      <UniqueIdentifier>{aea1dea4-ac72-4ffe-b33c-49a50b1cafa3}</UniqueIdentifier>
    </Filter>
    <Filter Include="Engine\Resource\Animation">
      <UniqueIdentifier>{97c3aae5-ef8d-4e1e-90e6-743a4d255060}</UniqueIdentifier>
    </Filter>
    <Filter Include="Engine\Resource\Sound">
      <UniqueIdentifier>{691d1e8b-45b5-4856-961a-9925046cba86}</UniqueIdentifier>
    </Filter>
    <Filter Include="Engine\SoundManager">
      <UniqueIdentifier>{ccd9a56c-5963-47e2-a755-e7c2349c2797}</UniqueIdentifier>
    </Filter>
    <Filter Include="Engine\Component">
      <UniqueIdentifier>{9c123ac6-0708-4cc0-8313-3af9bede0274}</UniqueIdentifier>
    </Filter>
    <Filter Include="Engine\Component\Transform">
      <UniqueIdentifier>{1498dd00-b24e-42b6-a1a4-589773abc64f}</UniqueIdentifier>
    </Filter>
    <Filter Include="Engine\Component\SpriteRenderer">
      <UniqueIdentifier>{35c4c8e2-ac86-4ac1-9c93-0257c707981e}</UniqueIdentifier>
    </Filter>
    <Filter Include="Engine\Component\Animator">
      <UniqueIdentifier>{3ed4445d-7a59-4ad9-8644-75b0fc41cdb7}</UniqueIdentifier>
    </Filter>
    <Filter Include="Engine\Component\Collider">
      <UniqueIdentifier>{a90d8cd6-8b74-4e93-a74b-78bd726967c9}</UniqueIdentifier>
    </Filter>
    <Filter Include="Engine\Component\Collider\BoxCollider">
      <UniqueIdentifier>{a01a5f04-1909-4b62-bc52-74a250c28b68}</UniqueIdentifier>
    </Filter>
    <Filter Include="Engine\Component\Collider\CircleCollider">
      <UniqueIdentifier>{2d57c84b-7483-4809-8a01-149fd6b5ce51}</UniqueIdentifier>
    </Filter>
    <Filter Include="Contents">
      <UniqueIdentifier>{c7513369-aef5-425e-a759-ee7d442204c7}</UniqueIdentifier>
    </Filter>
    <Filter Include="Contents\Scene">
      <UniqueIdentifier>{6e1bfec1-84b6-49b6-be75-d47c1192df50}</UniqueIdentifier>
    </Filter>
    <Filter Include="Contents\Scene\BossFightScene">
      <UniqueIdentifier>{b782a398-14c3-4dd8-aaf8-bcb3da385e0a}</UniqueIdentifier>
    </Filter>
    <Filter Include="Contents\Scene\BossFightScene\Goopy Le Grande">
      <UniqueIdentifier>{a52d469d-6a84-4fc6-b9dc-9e66617bf6ad}</UniqueIdentifier>
    </Filter>
    <Filter Include="Contents\Scene\MainScene">
      <UniqueIdentifier>{dc50d598-b363-436c-aa24-88e03345ca45}</UniqueIdentifier>
    </Filter>
    <Filter Include="Contents\Scene\TitleScene">
      <UniqueIdentifier>{08000fe8-3980-41af-b586-58ff3d9d12ad}</UniqueIdentifier>
    </Filter>
    <Filter Include="Contents\Scene\WorldMapScene">
      <UniqueIdentifier>{4ffa927b-d3d8-4b99-9931-371651895234}</UniqueIdentifier>
    </Filter>
    <Filter Include="Contents\GameObject">
      <UniqueIdentifier>{4e9a7c48-c19e-46a5-bcfc-e1bf6bc0c220}</UniqueIdentifier>
    </Filter>
    <Filter Include="Contents\GameObject\Player">
      <UniqueIdentifier>{489eb3fa-87d3-46d9-8014-3b082ab543d0}</UniqueIdentifier>
    </Filter>
    <Filter Include="Contents\GameObject\Player\Player_map">
      <UniqueIdentifier>{270ad9d5-3013-4105-a102-9b9d04763cd6}</UniqueIdentifier>
    </Filter>
    <Filter Include="Contents\GameObject\Player\Player_stage">
      <UniqueIdentifier>{1500ace7-220b-4234-8741-c41bb9cca66c}</UniqueIdentifier>
    </Filter>
    <Filter Include="Contents\GameObject\Player\Player_stage\Bullet">
      <UniqueIdentifier>{8e888882-2a3d-4668-8078-dda18af074aa}</UniqueIdentifier>
    </Filter>
    <Filter Include="Contents\GameObject\Boss">
      <UniqueIdentifier>{a3153cd0-6671-4dc9-abcb-192972ab90a6}</UniqueIdentifier>
    </Filter>
    <Filter Include="Contents\GameObject\Boss\Goopy Le Grande_Boss">
      <UniqueIdentifier>{fd371d01-59c2-47b1-88e8-ada3b41a2a61}</UniqueIdentifier>
    </Filter>
    <Filter Include="Contents\GameObject\Floor">
      <UniqueIdentifier>{5ed6d5de-1edb-4601-9fd4-7dcec056cd5f}</UniqueIdentifier>
    </Filter>
    <Filter Include="Contents\GameObject\Wall">
      <UniqueIdentifier>{33a879b9-1c6f-4fbb-b872-d42adc9afb22}</UniqueIdentifier>
    </Filter>
    <Filter Include="Contents\GameObject\HealthBar">
      <UniqueIdentifier>{6771179f-a37b-45b3-820a-b19a2d3c259b}</UniqueIdentifier>
    </Filter>
    <Filter Include="Contents\GameObject\Sensor">
      <UniqueIdentifier>{fcfef898-5579-420b-9818-fa4759259691}</UniqueIdentifier>
    </Filter>
    <Filter Include="Engine\App">
      <UniqueIdentifier>{62ffb3a2-3f17-4394-8700-b6129d151599}</UniqueIdentifier>
    </Filter>
    <Filter Include="Contents\GameObject\QuestionMark">
      <UniqueIdentifier>{39c16807-fe24-45fe-a56e-b37afef9c260}</UniqueIdentifier>
    </Filter>
    <Filter Include="Engine\Entity">
      <UniqueIdentifier>{5c1b4dea-4e2d-48fc-8a7a-f31699c954e7}</UniqueIdentifier>
    </Filter>
    <Filter Include="Contents\Scene\ClearScene">
      <UniqueIdentifier>{e93b75d4-2229-46b7-839d-9ca2a279efbc}</UniqueIdentifier>
    </Filter>
    <Filter Include="Engine\Component\SpriteRenderer\Rigidbody">
      <UniqueIdentifier>{69581da9-c924-4936-b391-c5446ff55a29}</UniqueIdentifier>
    </Filter>
    <Filter Include="Contents\Scene\BossFightScene\RootPack">
      <UniqueIdentifier>{3b08a3e0-678e-4161-ac70-5bffa98f0e0e}</UniqueIdentifier>
    </Filter>
    <Filter Include="Contents\GameObject\Boss\RootPack">
      <UniqueIdentifier>{d7cbad62-ab94-45f6-b0db-1a2482b5040f}</UniqueIdentifier>
    </Filter>
  </ItemGroup>
  <ItemGroup>
    <ClInclude Include="Client.h">
      <Filter>Windows\Header</Filter>
    </ClInclude>
    <ClInclude Include="framework.h">
      <Filter>Windows\Header</Filter>
    </ClInclude>
    <ClInclude Include="Resource.h">
      <Filter>Windows\Header</Filter>
    </ClInclude>
    <ClInclude Include="targetver.h">
      <Filter>Windows\Header</Filter>
    </ClInclude>
    <ClInclude Include="meApplication.h">
      <Filter>Engine\App</Filter>
    </ClInclude>
    <ClInclude Include="DEFAULT.h">
      <Filter>Engine\DefaultHeader</Filter>
    </ClInclude>
    <ClInclude Include="meMath.h">
      <Filter>Engine\DefaultHeader</Filter>
    </ClInclude>
    <ClInclude Include="meKeyInput.h">
      <Filter>Engine\KeyInput</Filter>
    </ClInclude>
    <ClInclude Include="meTime.h">
      <Filter>Engine\Time</Filter>
    </ClInclude>
    <ClInclude Include="meEntity.h">
      <Filter>Engine\Entity</Filter>
    </ClInclude>
    <ClInclude Include="meScene.h">
      <Filter>Engine\SceneManager\Scene</Filter>
    </ClInclude>
    <ClInclude Include="meLayer.h">
      <Filter>Engine\SceneManager\Scene\Layer</Filter>
    </ClInclude>
    <ClInclude Include="meGameObject.h">
      <Filter>Contents\GameObject</Filter>
    </ClInclude>
    <ClInclude Include="meComponent.h">
      <Filter>Engine\Component</Filter>
    </ClInclude>
    <ClInclude Include="meTransform.h">
      <Filter>Engine\Component\Transform</Filter>
    </ClInclude>
    <ClInclude Include="meSpriteRenderer.h">
      <Filter>Engine\Component\SpriteRenderer</Filter>
    </ClInclude>
    <ClInclude Include="meSceneManager.h">
      <Filter>Engine\SceneManager</Filter>
    </ClInclude>
    <ClInclude Include="COMPONENTS.h">
      <Filter>Engine\Component</Filter>
    </ClInclude>
    <ClInclude Include="meResource.h">
      <Filter>Engine\Resource</Filter>
    </ClInclude>
    <ClInclude Include="meResourceManager.h">
      <Filter>Engine\ResourceManager</Filter>
    </ClInclude>
    <ClInclude Include="meTexture.h">
      <Filter>Engine\Resource\Texture</Filter>
    </ClInclude>
    <ClInclude Include="meTItleScene.h">
      <Filter>Contents\Scene\TitleScene</Filter>
    </ClInclude>
    <ClInclude Include="meMainScene.h">
      <Filter>Contents\Scene\MainScene</Filter>
    </ClInclude>
    <ClInclude Include="meCamera.h">
      <Filter>Engine\Camera</Filter>
    </ClInclude>
    <ClInclude Include="meWorldMapScene.h">
      <Filter>Contents\Scene\WorldMapScene</Filter>
    </ClInclude>
    <ClInclude Include="meAnimator.h">
      <Filter>Engine\Component\Animator</Filter>
    </ClInclude>
    <ClInclude Include="OBJECTS.h">
      <Filter>Contents\GameObject</Filter>
    </ClInclude>
    <ClInclude Include="meBossFightScene.h">
      <Filter>Contents\Scene\BossFightScene</Filter>
    </ClInclude>
    <ClInclude Include="meBoss.h">
      <Filter>Contents\GameObject\Boss</Filter>
    </ClInclude>
    <ClInclude Include="meGoopy_Le_Grande_Stage.h">
      <Filter>Contents\Scene\BossFightScene\Goopy Le Grande</Filter>
    </ClInclude>
    <ClInclude Include="mePlayer_map.h">
      <Filter>Contents\GameObject\Player\Player_map</Filter>
    </ClInclude>
    <ClInclude Include="mePlayer_stage.h">
      <Filter>Contents\GameObject\Player\Player_stage</Filter>
    </ClInclude>
    <ClInclude Include="meAnimation.h">
      <Filter>Engine\Resource\Animation</Filter>
    </ClInclude>
    <ClInclude Include="meGoopy_Le_Grande_Boss.h">
      <Filter>Contents\GameObject\Boss\Goopy Le Grande_Boss</Filter>
    </ClInclude>
    <ClInclude Include="meColliderManager.h">
      <Filter>Engine\ColliderManager</Filter>
    </ClInclude>
    <ClInclude Include="meRigidbody.h">
      <Filter>Engine\Component\SpriteRenderer\Rigidbody</Filter>
    </ClInclude>
    <ClInclude Include="meFloor.h">
      <Filter>Contents\GameObject\Floor</Filter>
    </ClInclude>
    <ClInclude Include="meBullet.h">
      <Filter>Contents\GameObject\Player\Player_stage\Bullet</Filter>
    </ClInclude>
    <ClInclude Include="meCollider.h">
      <Filter>Engine\Component\Collider</Filter>
    </ClInclude>
    <ClInclude Include="meBoxCollider.h">
      <Filter>Engine\Component\Collider\BoxCollider</Filter>
    </ClInclude>
    <ClInclude Include="meCircleCollider.h">
      <Filter>Engine\Component\Collider\CircleCollider</Filter>
    </ClInclude>
    <ClInclude Include="meSound.h">
      <Filter>Engine\Resource\Sound</Filter>
    </ClInclude>
    <ClInclude Include="meSoundManager.h">
      <Filter>Engine\SoundManager</Filter>
    </ClInclude>
    <ClInclude Include="meWall.h">
      <Filter>Contents\GameObject\Wall</Filter>
    </ClInclude>
    <ClInclude Include="meSensor.h">
      <Filter>Contents\GameObject\Sensor</Filter>
    </ClInclude>
    <ClInclude Include="meHealthBar.h">
      <Filter>Contents\GameObject\HealthBar</Filter>
    </ClInclude>
    <ClInclude Include="meQuestionMark.h">
      <Filter>Contents\GameObject\QuestionMark</Filter>
    </ClInclude>
    <ClInclude Include="meClearScene.h">
      <Filter>Contents\Scene\ClearScene</Filter>
    </ClInclude>
    <ClInclude Include="meRootPack_Stage.h">
      <Filter>Contents\Scene\BossFightScene\RootPack</Filter>
    </ClInclude>
    <ClInclude Include="meRootPack_Boss.h">
      <Filter>Contents\GameObject\Boss\RootPack</Filter>
    </ClInclude>
  </ItemGroup>
  <ItemGroup>
    <Image Include="small.ico">
      <Filter>Windows\Resource</Filter>
    </Image>
    <Image Include="Client.ico">
      <Filter>Windows\Resource</Filter>
    </Image>
  </ItemGroup>
  <ItemGroup>
    <ResourceCompile Include="Client.rc">
      <Filter>Windows\Resource</Filter>
    </ResourceCompile>
  </ItemGroup>
  <ItemGroup>
    <ClCompile Include="Client.cpp" />
    <ClCompile Include="meApplication.cpp">
      <Filter>Engine\App</Filter>
    </ClCompile>
    <ClCompile Include="meKeyInput.cpp">
      <Filter>Engine\KeyInput</Filter>
    </ClCompile>
    <ClCompile Include="meTime.cpp">
      <Filter>Engine\Time</Filter>
    </ClCompile>
    <ClCompile Include="meEntity.cpp">
      <Filter>Engine\Entity</Filter>
    </ClCompile>
    <ClCompile Include="meScene.cpp">
      <Filter>Engine\SceneManager\Scene</Filter>
    </ClCompile>
    <ClCompile Include="meLayer.cpp">
      <Filter>Engine\SceneManager\Scene\Layer</Filter>
    </ClCompile>
    <ClCompile Include="meGameObject.cpp">
      <Filter>Contents\GameObject</Filter>
    </ClCompile>
    <ClCompile Include="meComponent.cpp">
      <Filter>Engine\Component</Filter>
    </ClCompile>
    <ClCompile Include="meTransform.cpp">
      <Filter>Engine\Component\Transform</Filter>
    </ClCompile>
    <ClCompile Include="meSpriteRenderer.cpp">
      <Filter>Engine\Component\SpriteRenderer</Filter>
    </ClCompile>
    <ClCompile Include="meSceneManager.cpp">
      <Filter>Engine\SceneManager</Filter>
    </ClCompile>
    <ClCompile Include="meResource.cpp">
      <Filter>Engine\Resource</Filter>
    </ClCompile>
    <ClCompile Include="meResourceManager.cpp">
      <Filter>Engine\ResourceManager</Filter>
    </ClCompile>
    <ClCompile Include="meTexture.cpp">
      <Filter>Engine\Resource\Texture</Filter>
    </ClCompile>
    <ClCompile Include="meMath.cpp">
      <Filter>Engine\DefaultHeader</Filter>
    </ClCompile>
    <ClCompile Include="meTItleScene.cpp">
      <Filter>Contents\Scene\TitleScene</Filter>
    </ClCompile>
    <ClCompile Include="meMainScene.cpp">
      <Filter>Contents\Scene\MainScene</Filter>
    </ClCompile>
    <ClCompile Include="meCamera.cpp">
      <Filter>Engine\Camera</Filter>
    </ClCompile>
    <ClCompile Include="meWorldMapScene.cpp">
      <Filter>Contents\Scene\WorldMapScene</Filter>
    </ClCompile>
    <ClCompile Include="meAnimator.cpp">
      <Filter>Engine\Component\Animator</Filter>
    </ClCompile>
    <ClCompile Include="meBossFightScene.cpp">
      <Filter>Contents\Scene\BossFightScene</Filter>
    </ClCompile>
    <ClCompile Include="meBoss.cpp">
      <Filter>Contents\GameObject\Boss</Filter>
    </ClCompile>
    <ClCompile Include="meGoopy_Le_Grande_Stage.cpp">
      <Filter>Contents\Scene\BossFightScene\Goopy Le Grande</Filter>
    </ClCompile>
    <ClCompile Include="mePlayer_map.cpp">
      <Filter>Contents\GameObject\Player\Player_map</Filter>
    </ClCompile>
    <ClCompile Include="mePlayer_stage.cpp">
      <Filter>Contents\GameObject\Player\Player_stage</Filter>
    </ClCompile>
    <ClCompile Include="meAnimation.cpp">
      <Filter>Engine\Resource\Animation</Filter>
    </ClCompile>
    <ClCompile Include="meGoopy_Le_Grande_Boss.cpp">
      <Filter>Contents\GameObject\Boss\Goopy Le Grande_Boss</Filter>
    </ClCompile>
    <ClCompile Include="meBoxCollider.cpp">
      <Filter>Engine\Component\Collider\BoxCollider</Filter>
    </ClCompile>
    <ClCompile Include="meColliderManager.cpp">
      <Filter>Engine\ColliderManager</Filter>
    </ClCompile>
    <ClCompile Include="meRigidbody.cpp">
      <Filter>Engine\Component\SpriteRenderer\Rigidbody</Filter>
    </ClCompile>
    <ClCompile Include="meFloor.cpp">
      <Filter>Contents\GameObject\Floor</Filter>
    </ClCompile>
    <ClCompile Include="meBullet.cpp">
      <Filter>Contents\GameObject\Player\Player_stage\Bullet</Filter>
    </ClCompile>
    <ClCompile Include="meCollider.cpp">
      <Filter>Engine\Component\Collider</Filter>
    </ClCompile>
    <ClCompile Include="meCircleCollider.cpp">
      <Filter>Engine\Component\Collider\CircleCollider</Filter>
    </ClCompile>
    <ClCompile Include="meSound.cpp">
      <Filter>Engine\Resource\Sound</Filter>
    </ClCompile>
    <ClCompile Include="meSoundManager.cpp">
      <Filter>Engine\SoundManager</Filter>
    </ClCompile>
    <ClCompile Include="meWall.cpp">
      <Filter>Contents\GameObject\Wall</Filter>
    </ClCompile>
    <ClCompile Include="meSensor.cpp">
      <Filter>Contents\GameObject\Sensor</Filter>
    </ClCompile>
    <ClCompile Include="meHealthBar.cpp">
      <Filter>Contents\GameObject\HealthBar</Filter>
    </ClCompile>
    <ClCompile Include="meQuestionMark.cpp">
      <Filter>Contents\GameObject\QuestionMark</Filter>
    </ClCompile>
    <ClCompile Include="meClearScene.cpp">
      <Filter>Contents\Scene\ClearScene</Filter>
    </ClCompile>
    <ClCompile Include="meRootPack_Stage.cpp">
      <Filter>Contents\Scene\BossFightScene\RootPack</Filter>
    </ClCompile>
    <ClCompile Include="meRootPack_Boss.cpp">
      <Filter>Contents\GameObject\Boss\RootPack</Filter>
    </ClCompile>
  </ItemGroup>
</Project>